
Microsoft Visual Studio Solution File, Format Version 12.00
# Visual Studio Version 16
VisualStudioVersion = 16.0.31729.503
MinimumVisualStudioVersion = 10.0.40219.1
Project("{888888A0-9F3D-457C-B088-3A5042F75D52}") = "Discord Word Bot", "Discord Word Bot.pyproj", "{03B172A8-7D71-4066-BB6C-B5E4EA70F375}"
EndProject
Global
	GlobalSection(SolutionConfigurationPlatforms) = preSolution
		Debug|Any CPU = Debug|Any CPU
		Release|Any CPU = Release|Any CPU
	EndGlobalSection
	GlobalSection(ProjectConfigurationPlatforms) = postSolution
		{03B172A8-7D71-4066-BB6C-B5E4EA70F375}.Debug|Any CPU.ActiveCfg = Debug|Any CPU
		{03B172A8-7D71-4066-BB6C-B5E4EA70F375}.Release|Any CPU.ActiveCfg = Release|Any CPU
	EndGlobalSection
	GlobalSection(SolutionProperties) = preSolution
		HideSolutionNode = FALSE
	EndGlobalSection
	GlobalSection(ExtensibilityGlobals) = postSolution
		SolutionGuid = {BA0FD7CD-46FC-41F9-96D9-B09892D42DFA}
	EndGlobalSection
EndGlobal
